// !$*UTF8*$!
{
	archiveVersion = 1;
	classes = {
	};
	objectVersion = 50;
	objects = {

/* Begin PBXBuildFile section */
		4B29EF032603B7EB002E8018 /* ContactTableViewController.swift in Sources */ = {isa = PBXBuildFile; fileRef = 4B29EF022603B7EB002E8018 /* ContactTableViewController.swift */; };
		4B29EF062604015E002E8018 /* ContactMode.swift in Sources */ = {isa = PBXBuildFile; fileRef = 4B29EF052604015E002E8018 /* ContactMode.swift */; };
		4B536E54260865A8003E4498 /* RecentCallModel.xcdatamodeld in Sources */ = {isa = PBXBuildFile; fileRef = 4B536E52260865A8003E4498 /* RecentCallModel.xcdatamodeld */; };
		4B93F3F026024477000ABFD5 /* AppDelegate.swift in Sources */ = {isa = PBXBuildFile; fileRef = 4B93F3EF26024477000ABFD5 /* AppDelegate.swift */; };
		4B93F3F226024477000ABFD5 /* SceneDelegate.swift in Sources */ = {isa = PBXBuildFile; fileRef = 4B93F3F126024477000ABFD5 /* SceneDelegate.swift */; };
		4B93F3F726024477000ABFD5 /* Main.storyboard in Resources */ = {isa = PBXBuildFile; fileRef = 4B93F3F526024477000ABFD5 /* Main.storyboard */; };
		4B93F3F926024478000ABFD5 /* Assets.xcassets in Resources */ = {isa = PBXBuildFile; fileRef = 4B93F3F826024478000ABFD5 /* Assets.xcassets */; };
		4B93F3FC26024478000ABFD5 /* LaunchScreen.storyboard in Resources */ = {isa = PBXBuildFile; fileRef = 4B93F3FA26024478000ABFD5 /* LaunchScreen.storyboard */; };
		4B93F40826024D96000ABFD5 /* Contact.swift in Sources */ = {isa = PBXBuildFile; fileRef = 4B93F40726024D96000ABFD5 /* Contact.swift */; };
		4B93F41A260260B6000ABFD5 /* ContactDetailsViewController.swift in Sources */ = {isa = PBXBuildFile; fileRef = 4B93F418260260B6000ABFD5 /* ContactDetailsViewController.swift */; };
		4B93F41B260260B6000ABFD5 /* ContactDetailsViewController.xib in Resources */ = {isa = PBXBuildFile; fileRef = 4B93F419260260B6000ABFD5 /* ContactDetailsViewController.xib */; };
		4BBCBFDA2604B176000DF187 /* RepositoryContact.swift in Sources */ = {isa = PBXBuildFile; fileRef = 4BBCBFD92604B176000DF187 /* RepositoryContact.swift */; };
		4BF13A9D2603ACB00073A720 /* RecentCallsTableViewController.swift in Sources */ = {isa = PBXBuildFile; fileRef = 4BF13A9C2603ACB00073A720 /* RecentCallsTableViewController.swift */; };
/* End PBXBuildFile section */

/* Begin PBXFileReference section */
		4B29EF022603B7EB002E8018 /* ContactTableViewController.swift */ = {isa = PBXFileReference; lastKnownFileType = sourcecode.swift; path = ContactTableViewController.swift; sourceTree = "<group>"; };
		4B29EF052604015E002E8018 /* ContactMode.swift */ = {isa = PBXFileReference; lastKnownFileType = sourcecode.swift; path = ContactMode.swift; sourceTree = "<group>"; };
		4B536E53260865A8003E4498 /* RecentCallModel.xcdatamodel */ = {isa = PBXFileReference; lastKnownFileType = wrapper.xcdatamodel; path = RecentCallModel.xcdatamodel; sourceTree = "<group>"; };
		4B93F3EC26024477000ABFD5 /* ContactBook.app */ = {isa = PBXFileReference; explicitFileType = wrapper.application; includeInIndex = 0; path = ContactBook.app; sourceTree = BUILT_PRODUCTS_DIR; };
		4B93F3EF26024477000ABFD5 /* AppDelegate.swift */ = {isa = PBXFileReference; lastKnownFileType = sourcecode.swift; path = AppDelegate.swift; sourceTree = "<group>"; };
		4B93F3F126024477000ABFD5 /* SceneDelegate.swift */ = {isa = PBXFileReference; lastKnownFileType = sourcecode.swift; path = SceneDelegate.swift; sourceTree = "<group>"; };
		4B93F3F626024477000ABFD5 /* Base */ = {isa = PBXFileReference; lastKnownFileType = file.storyboard; name = Base; path = Base.lproj/Main.storyboard; sourceTree = "<group>"; };
		4B93F3F826024478000ABFD5 /* Assets.xcassets */ = {isa = PBXFileReference; lastKnownFileType = folder.assetcatalog; path = Assets.xcassets; sourceTree = "<group>"; };
		4B93F3FB26024478000ABFD5 /* Base */ = {isa = PBXFileReference; lastKnownFileType = file.storyboard; name = Base; path = Base.lproj/LaunchScreen.storyboard; sourceTree = "<group>"; };
		4B93F3FD26024478000ABFD5 /* Info.plist */ = {isa = PBXFileReference; lastKnownFileType = text.plist.xml; path = Info.plist; sourceTree = "<group>"; };
		4B93F40726024D96000ABFD5 /* Contact.swift */ = {isa = PBXFileReference; lastKnownFileType = sourcecode.swift; path = Contact.swift; sourceTree = "<group>"; };
		4B93F418260260B6000ABFD5 /* ContactDetailsViewController.swift */ = {isa = PBXFileReference; lastKnownFileType = sourcecode.swift; path = ContactDetailsViewController.swift; sourceTree = "<group>"; };
		4B93F419260260B6000ABFD5 /* ContactDetailsViewController.xib */ = {isa = PBXFileReference; lastKnownFileType = file.xib; path = ContactDetailsViewController.xib; sourceTree = "<group>"; };
		4BBCBFD92604B176000DF187 /* RepositoryContact.swift */ = {isa = PBXFileReference; lastKnownFileType = sourcecode.swift; path = RepositoryContact.swift; sourceTree = "<group>"; };
		4BF13A9C2603ACB00073A720 /* RecentCallsTableViewController.swift */ = {isa = PBXFileReference; lastKnownFileType = sourcecode.swift; path = RecentCallsTableViewController.swift; sourceTree = "<group>"; };
/* End PBXFileReference section */

/* Begin PBXFrameworksBuildPhase section */
		4B93F3E926024477000ABFD5 /* Frameworks */ = {
			isa = PBXFrameworksBuildPhase;
			buildActionMask = 2147483647;
			files = (
			);
			runOnlyForDeploymentPostprocessing = 0;
		};
/* End PBXFrameworksBuildPhase section */

/* Begin PBXGroup section */
		4B93F3E326024477000ABFD5 = {
			isa = PBXGroup;
			children = (
				4B93F3EE26024477000ABFD5 /* ContactBook */,
				4B93F3ED26024477000ABFD5 /* Products */,
			);
			sourceTree = "<group>";
		};
		4B93F3ED26024477000ABFD5 /* Products */ = {
			isa = PBXGroup;
			children = (
				4B93F3EC26024477000ABFD5 /* ContactBook.app */,
			);
			name = Products;
			sourceTree = "<group>";
		};
		4B93F3EE26024477000ABFD5 /* ContactBook */ = {
			isa = PBXGroup;
			children = (
				4B93F3EF26024477000ABFD5 /* AppDelegate.swift */,
				4B93F3F126024477000ABFD5 /* SceneDelegate.swift */,
				4B93F3F526024477000ABFD5 /* Main.storyboard */,
				4B93F419260260B6000ABFD5 /* ContactDetailsViewController.xib */,
				4B93F3F826024478000ABFD5 /* Assets.xcassets */,
				4B93F3FA26024478000ABFD5 /* LaunchScreen.storyboard */,
				4B93F3FD26024478000ABFD5 /* Info.plist */,
				4B93F40726024D96000ABFD5 /* Contact.swift */,
				4B93F418260260B6000ABFD5 /* ContactDetailsViewController.swift */,
				4BF13A9C2603ACB00073A720 /* RecentCallsTableViewController.swift */,
				4B29EF022603B7EB002E8018 /* ContactTableViewController.swift */,
				4B29EF052604015E002E8018 /* ContactMode.swift */,
				4BBCBFD92604B176000DF187 /* RepositoryContact.swift */,
				4B536E52260865A8003E4498 /* RecentCallModel.xcdatamodeld */,
			);
			path = ContactBook;
			sourceTree = "<group>";
		};
/* End PBXGroup section */

/* Begin PBXNativeTarget section */
		4B93F3EB26024477000ABFD5 /* ContactBook */ = {
			isa = PBXNativeTarget;
			buildConfigurationList = 4B93F40026024478000ABFD5 /* Build configuration list for PBXNativeTarget "ContactBook" */;
			buildPhases = (
				4B93F3E826024477000ABFD5 /* Sources */,
				4B93F3E926024477000ABFD5 /* Frameworks */,
				4B93F3EA26024477000ABFD5 /* Resources */,
			);
			buildRules = (
			);
			dependencies = (
			);
			name = ContactBook;
			productName = ContactBook;
			productReference = 4B93F3EC26024477000ABFD5 /* ContactBook.app */;
			productType = "com.apple.product-type.application";
		};
/* End PBXNativeTarget section */

/* Begin PBXProject section */
		4B93F3E426024477000ABFD5 /* Project object */ = {
			isa = PBXProject;
			attributes = {
				LastSwiftUpdateCheck = 1220;
				LastUpgradeCheck = 1220;
				TargetAttributes = {
					4B93F3EB26024477000ABFD5 = {
						CreatedOnToolsVersion = 12.2;
					};
				};
			};
			buildConfigurationList = 4B93F3E726024477000ABFD5 /* Build configuration list for PBXProject "ContactBook" */;
			compatibilityVersion = "Xcode 9.3";
			developmentRegion = en;
			hasScannedForEncodings = 0;
			knownRegions = (
				en,
				Base,
			);
			mainGroup = 4B93F3E326024477000ABFD5;
			productRefGroup = 4B93F3ED26024477000ABFD5 /* Products */;
			projectDirPath = "";
			projectRoot = "";
			targets = (
				4B93F3EB26024477000ABFD5 /* ContactBook */,
			);
		};
/* End PBXProject section */

/* Begin PBXResourcesBuildPhase section */
		4B93F3EA26024477000ABFD5 /* Resources */ = {
			isa = PBXResourcesBuildPhase;
			buildActionMask = 2147483647;
			files = (
				4B93F41B260260B6000ABFD5 /* ContactDetailsViewController.xib in Resources */,
				4B93F3FC26024478000ABFD5 /* LaunchScreen.storyboard in Resources */,
				4B93F3F926024478000ABFD5 /* Assets.xcassets in Resources */,
				4B93F3F726024477000ABFD5 /* Main.storyboard in Resources */,
			);
			runOnlyForDeploymentPostprocessing = 0;
		};
/* End PBXResourcesBuildPhase section */

/* Begin PBXSourcesBuildPhase section */
		4B93F3E826024477000ABFD5 /* Sources */ = {
			isa = PBXSourcesBuildPhase;
			buildActionMask = 2147483647;
			files = (
				4BBCBFDA2604B176000DF187 /* RepositoryContact.swift in Sources */,
				4B93F3F026024477000ABFD5 /* AppDelegate.swift in Sources */,
				4B93F40826024D96000ABFD5 /* Contact.swift in Sources */,
				4B93F3F226024477000ABFD5 /* SceneDelegate.swift in Sources */,
				4B29EF032603B7EB002E8018 /* ContactTableViewController.swift in Sources */,
				4B29EF062604015E002E8018 /* ContactMode.swift in Sources */,
				4BF13A9D2603ACB00073A720 /* RecentCallsTableViewController.swift in Sources */,
				4B536E54260865A8003E4498 /* RecentCallModel.xcdatamodeld in Sources */,
				4B93F41A260260B6000ABFD5 /* ContactDetailsViewController.swift in Sources */,
			);
			runOnlyForDeploymentPostprocessing = 0;
		};
/* End PBXSourcesBuildPhase section */

/* Begin PBXVariantGroup section */
		4B93F3F526024477000ABFD5 /* Main.storyboard */ = {
			isa = PBXVariantGroup;
			children = (
				4B93F3F626024477000ABFD5 /* Base */,
			);
			name = Main.storyboard;
			sourceTree = "<group>";
		};
		4B93F3FA26024478000ABFD5 /* LaunchScreen.storyboard */ = {
			isa = PBXVariantGroup;
			children = (
				4B93F3FB26024478000ABFD5 /* Base */,
			);
			name = LaunchScreen.storyboard;
			sourceTree = "<group>";
		};
/* End PBXVariantGroup section */

/* Begin XCBuildConfiguration section */
		4B93F3FE26024478000ABFD5 /* Debug */ = {
			isa = XCBuildConfiguration;
			buildSettings = {
				ALWAYS_SEARCH_USER_PATHS = NO;
				CLANG_ANALYZER_NONNULL = YES;
				CLANG_ANALYZER_NUMBER_OBJECT_CONVERSION = YES_AGGRESSIVE;
				CLANG_CXX_LANGUAGE_STANDARD = "gnu++14";
				CLANG_CXX_LIBRARY = "libc++";
				CLANG_ENABLE_MODULES = YES;
				CLANG_ENABLE_OBJC_ARC = YES;
				CLANG_ENABLE_OBJC_WEAK = YES;
				CLANG_WARN_BLOCK_CAPTURE_AUTORELEASING = YES;
				CLANG_WARN_BOOL_CONVERSION = YES;
				CLANG_WARN_COMMA = YES;
				CLANG_WARN_CONSTANT_CONVERSION = YES;
				CLANG_WARN_DEPRECATED_OBJC_IMPLEMENTATIONS = YES;
				CLANG_WARN_DIRECT_OBJC_ISA_USAGE = YES_ERROR;
				CLANG_WARN_DOCUMENTATION_COMMENTS = YES;
				CLANG_WARN_EMPTY_BODY = YES;
				CLANG_WARN_ENUM_CONVERSION = YES;
				CLANG_WARN_INFINITE_RECURSION = YES;
				CLANG_WARN_INT_CONVERSION = YES;
				CLANG_WARN_NON_LITERAL_NULL_CONVERSION = YES;
				CLANG_WARN_OBJC_IMPLICIT_RETAIN_SELF = YES;
				CLANG_WARN_OBJC_LITERAL_CONVERSION = YES;
				CLANG_WARN_OBJC_ROOT_CLASS = YES_ERROR;
				CLANG_WARN_QUOTED_INCLUDE_IN_FRAMEWORK_HEADER = YES;
				CLANG_WARN_RANGE_LOOP_ANALYSIS = YES;
				CLANG_WARN_STRICT_PROTOTYPES = YES;
				CLANG_WARN_SUSPICIOUS_MOVE = YES;
				CLANG_WARN_UNGUARDED_AVAILABILITY = YES_AGGRESSIVE;
				CLANG_WARN_UNREACHABLE_CODE = YES;
				CLANG_WARN__DUPLICATE_METHOD_MATCH = YES;
				COPY_PHASE_STRIP = NO;
				DEBUG_INFORMATION_FORMAT = dwarf;
				ENABLE_STRICT_OBJC_MSGSEND = YES;
				ENABLE_TESTABILITY = YES;
				GCC_C_LANGUAGE_STANDARD = gnu11;
				GCC_DYNAMIC_NO_PIC = NO;
				GCC_NO_COMMON_BLOCKS = YES;
				GCC_OPTIMIZATION_LEVEL = 0;
				GCC_PREPROCESSOR_DEFINITIONS = (
					"DEBUG=1",
					"$(inherited)",
				);
				GCC_WARN_64_TO_32_BIT_CONVERSION = YES;
				GCC_WARN_ABOUT_RETURN_TYPE = YES_ERROR;
				GCC_WARN_UNDECLARED_SELECTOR = YES;
				GCC_WARN_UNINITIALIZED_AUTOS = YES_AGGRESSIVE;
				GCC_WARN_UNUSED_FUNCTION = YES;
				GCC_WARN_UNUSED_VARIABLE = YES;
				IPHONEOS_DEPLOYMENT_TARGET = 14.2;
				MTL_ENABLE_DEBUG_INFO = INCLUDE_SOURCE;
				MTL_FAST_MATH = YES;
				ONLY_ACTIVE_ARCH = YES;
				SDKROOT = iphoneos;
				SWIFT_ACTIVE_COMPILATION_CONDITIONS = DEBUG;
				SWIFT_OPTIMIZATION_LEVEL = "-Onone";
			};
			name = Debug;
		};
		4B93F3FF26024478000ABFD5 /* Release */ = {
			isa = XCBuildConfiguration;
			buildSettings = {
				ALWAYS_SEARCH_USER_PATHS = NO;
				CLANG_ANALYZER_NONNULL = YES;
				CLANG_ANALYZER_NUMBER_OBJECT_CONVERSION = YES_AGGRESSIVE;
				CLANG_CXX_LANGUAGE_STANDARD = "gnu++14";
				CLANG_CXX_LIBRARY = "libc++";
				CLANG_ENABLE_MODULES = YES;
				CLANG_ENABLE_OBJC_ARC = YES;
				CLANG_ENABLE_OBJC_WEAK = YES;
				CLANG_WARN_BLOCK_CAPTURE_AUTORELEASING = YES;
				CLANG_WARN_BOOL_CONVERSION = YES;
				CLANG_WARN_COMMA = YES;
				CLANG_WARN_CONSTANT_CONVERSION = YES;
				CLANG_WARN_DEPRECATED_OBJC_IMPLEMENTATIONS = YES;
				CLANG_WARN_DIRECT_OBJC_ISA_USAGE = YES_ERROR;
				CLANG_WARN_DOCUMENTATION_COMMENTS = YES;
				CLANG_WARN_EMPTY_BODY = YES;
				CLANG_WARN_ENUM_CONVERSION = YES;
				CLANG_WARN_INFINITE_RECURSION = YES;
				CLANG_WARN_INT_CONVERSION = YES;
				CLANG_WARN_NON_LITERAL_NULL_CONVERSION = YES;
				CLANG_WARN_OBJC_IMPLICIT_RETAIN_SELF = YES;
				CLANG_WARN_OBJC_LITERAL_CONVERSION = YES;
				CLANG_WARN_OBJC_ROOT_CLASS = YES_ERROR;
				CLANG_WARN_QUOTED_INCLUDE_IN_FRAMEWORK_HEADER = YES;
				CLANG_WARN_RANGE_LOOP_ANALYSIS = YES;
				CLANG_WARN_STRICT_PROTOTYPES = YES;
				CLANG_WARN_SUSPICIOUS_MOVE = YES;
				CLANG_WARN_UNGUARDED_AVAILABILITY = YES_AGGRESSIVE;
				CLANG_WARN_UNREACHABLE_CODE = YES;
				CLANG_WARN__DUPLICATE_METHOD_MATCH = YES;
				COPY_PHASE_STRIP = NO;
				DEBUG_INFORMATION_FORMAT = "dwarf-with-dsym";
				ENABLE_NS_ASSERTIONS = NO;
				ENABLE_STRICT_OBJC_MSGSEND = YES;
				GCC_C_LANGUAGE_STANDARD = gnu11;
				GCC_NO_COMMON_BLOCKS = YES;
				GCC_WARN_64_TO_32_BIT_CONVERSION = YES;
				GCC_WARN_ABOUT_RETURN_TYPE = YES_ERROR;
				GCC_WARN_UNDECLARED_SELECTOR = YES;
				GCC_WARN_UNINITIALIZED_AUTOS = YES_AGGRESSIVE;
				GCC_WARN_UNUSED_FUNCTION = YES;
				GCC_WARN_UNUSED_VARIABLE = YES;
				IPHONEOS_DEPLOYMENT_TARGET = 14.2;
				MTL_ENABLE_DEBUG_INFO = NO;
				MTL_FAST_MATH = YES;
				SDKROOT = iphoneos;
				SWIFT_COMPILATION_MODE = wholemodule;
				SWIFT_OPTIMIZATION_LEVEL = "-O";
				VALIDATE_PRODUCT = YES;
			};
			name = Release;
		};
		4B93F40126024478000ABFD5 /* Debug */ = {
			isa = XCBuildConfiguration;
			buildSettings = {
				ASSETCATALOG_COMPILER_APPICON_NAME = AppIcon;
				ASSETCATALOG_COMPILER_GLOBAL_ACCENT_COLOR_NAME = AccentColor;
				CODE_SIGN_STYLE = Automatic;
				INFOPLIST_FILE = ContactBook/Info.plist;
				LD_RUNPATH_SEARCH_PATHS = (
					"$(inherited)",
					"@executable_path/Frameworks",
				);
				PRODUCT_BUNDLE_IDENTIFIER = com.trifonov.ContactBook;
				PRODUCT_NAME = "$(TARGET_NAME)";
				SWIFT_VERSION = 5.0;
				TARGETED_DEVICE_FAMILY = "1,2";
			};
			name = Debug;
		};
		4B93F40226024478000ABFD5 /* Release */ = {
			isa = XCBuildConfiguration;
			buildSettings = {
				ASSETCATALOG_COMPILER_APPICON_NAME = AppIcon;
				ASSETCATALOG_COMPILER_GLOBAL_ACCENT_COLOR_NAME = AccentColor;
				CODE_SIGN_STYLE = Automatic;
				INFOPLIST_FILE = ContactBook/Info.plist;
				LD_RUNPATH_SEARCH_PATHS = (
					"$(inherited)",
					"@executable_path/Frameworks",
				);
				PRODUCT_BUNDLE_IDENTIFIER = com.trifonov.ContactBook;
				PRODUCT_NAME = "$(TARGET_NAME)";
				SWIFT_VERSION = 5.0;
				TARGETED_DEVICE_FAMILY = "1,2";
			};
			name = Release;
		};
/* End XCBuildConfiguration section */

/* Begin XCConfigurationList section */
		4B93F3E726024477000ABFD5 /* Build configuration list for PBXProject "ContactBook" */ = {
			isa = XCConfigurationList;
			buildConfigurations = (
				4B93F3FE26024478000ABFD5 /* Debug */,
				4B93F3FF26024478000ABFD5 /* Release */,
			);
			defaultConfigurationIsVisible = 0;
			defaultConfigurationName = Release;
		};
		4B93F40026024478000ABFD5 /* Build configuration list for PBXNativeTarget "ContactBook" */ = {
			isa = XCConfigurationList;
			buildConfigurations = (
				4B93F40126024478000ABFD5 /* Debug */,
				4B93F40226024478000ABFD5 /* Release */,
			);
			defaultConfigurationIsVisible = 0;
			defaultConfigurationName = Release;
		};
/* End XCConfigurationList section */

/* Begin XCVersionGroup section */
		4B536E52260865A8003E4498 /* RecentCallModel.xcdatamodeld */ = {
			isa = XCVersionGroup;
			children = (
				4B536E53260865A8003E4498 /* RecentCallModel.xcdatamodel */,
			);
			currentVersion = 4B536E53260865A8003E4498 /* RecentCallModel.xcdatamodel */;
			path = RecentCallModel.xcdatamodeld;
			sourceTree = "<group>";
			versionGroupType = wrapper.xcdatamodel;
		};
/* End XCVersionGroup section */
	};
	rootObject = 4B93F3E426024477000ABFD5 /* Project object */;
}
