// !$*UTF8*$!
{
	archiveVersion = 1;
	classes = {
	};
	objectVersion = 50;
	objects = {

/* Begin PBXBuildFile section */
		4B0B25CE260D1E0A00DE6008 /* ContactsRepository.swift in Sources */ = {isa = PBXBuildFile; fileRef = 4B0B25CD260D1E0A00DE6008 /* ContactsRepository.swift */; };
		4B29EF032603B7EB002E8018 /* ContactTableViewController.swift in Sources */ = {isa = PBXBuildFile; fileRef = 4B29EF022603B7EB002E8018 /* ContactTableViewController.swift */; };
		4B29EF062604015E002E8018 /* ContactMode.swift in Sources */ = {isa = PBXBuildFile; fileRef = 4B29EF052604015E002E8018 /* ContactMode.swift */; };
		4B383BD4261B1E0700BBF8D7 /* ContactService.swift in Sources */ = {isa = PBXBuildFile; fileRef = 4B383BD3261B1E0700BBF8D7 /* ContactService.swift */; };
		4B3F07D9260BC51800B8A6F9 /* SettingsViewController.swift in Sources */ = {isa = PBXBuildFile; fileRef = 4B3F07D8260BC51800B8A6F9 /* SettingsViewController.swift */; };
		4B46BB4E26147AA000A885EC /* ContactsUI.framework in Frameworks */ = {isa = PBXBuildFile; fileRef = 4B46BB4C26147A9B00A885EC /* ContactsUI.framework */; };
		4B4AAFB0260D4FB600E22D30 /* RecentsRepository.swift in Sources */ = {isa = PBXBuildFile; fileRef = 4B4AAFAF260D4FB600E22D30 /* RecentsRepository.swift */; };
		4B536E54260865A8003E4498 /* RecentCallModel.xcdatamodeld in Sources */ = {isa = PBXBuildFile; fileRef = 4B536E52260865A8003E4498 /* RecentCallModel.xcdatamodeld */; };
		4B59DEA926146CED00B8A8A6 /* ModelsFactoty.swift in Sources */ = {isa = PBXBuildFile; fileRef = 4B59DEA826146CED00B8A8A6 /* ModelsFactoty.swift */; };
		4B59DEAC26146E1300B8A8A6 /* DefaultModelsFactory.swift in Sources */ = {isa = PBXBuildFile; fileRef = 4B59DEAB26146E1300B8A8A6 /* DefaultModelsFactory.swift */; };
		4B93F3F026024477000ABFD5 /* AppDelegate.swift in Sources */ = {isa = PBXBuildFile; fileRef = 4B93F3EF26024477000ABFD5 /* AppDelegate.swift */; };
		4B93F3F226024477000ABFD5 /* SceneDelegate.swift in Sources */ = {isa = PBXBuildFile; fileRef = 4B93F3F126024477000ABFD5 /* SceneDelegate.swift */; };
		4B93F3F726024477000ABFD5 /* Main.storyboard in Resources */ = {isa = PBXBuildFile; fileRef = 4B93F3F526024477000ABFD5 /* Main.storyboard */; };
		4B93F3F926024478000ABFD5 /* Assets.xcassets in Resources */ = {isa = PBXBuildFile; fileRef = 4B93F3F826024478000ABFD5 /* Assets.xcassets */; };
		4B93F3FC26024478000ABFD5 /* LaunchScreen.storyboard in Resources */ = {isa = PBXBuildFile; fileRef = 4B93F3FA26024478000ABFD5 /* LaunchScreen.storyboard */; };
		4B93F40826024D96000ABFD5 /* Contact.swift in Sources */ = {isa = PBXBuildFile; fileRef = 4B93F40726024D96000ABFD5 /* Contact.swift */; };
		4B973BAF26189B740091B672 /* CustomContactView.swift in Sources */ = {isa = PBXBuildFile; fileRef = 4B973BAE26189B740091B672 /* CustomContactView.swift */; };
		4B973BC52619BFED0091B672 /* BirthdayNotificationService.swift in Sources */ = {isa = PBXBuildFile; fileRef = 4B973BC42619BFED0091B672 /* BirthdayNotificationService.swift */; };
		4BBCBFDA2604B176000DF187 /* RemoteContact.swift in Sources */ = {isa = PBXBuildFile; fileRef = 4BBCBFD92604B176000DF187 /* RemoteContact.swift */; };
		4BD8FFEE2614D4A7009CAE44 /* Settings.bundle in Resources */ = {isa = PBXBuildFile; fileRef = 4BD8FFED2614D4A7009CAE44 /* Settings.bundle */; };
		4BD8FFF22614FF7E009CAE44 /* CoreDataContactsRepository.swift in Sources */ = {isa = PBXBuildFile; fileRef = 4BD8FFF12614FF7E009CAE44 /* CoreDataContactsRepository.swift */; };
		4BD8FFF52614FFEA009CAE44 /* CoreRecentsRepository.swift in Sources */ = {isa = PBXBuildFile; fileRef = 4BD8FFF42614FFEA009CAE44 /* CoreRecentsRepository.swift */; };
		4BD8FFF926150056009CAE44 /* FileManagerContactsRepository.swift in Sources */ = {isa = PBXBuildFile; fileRef = 4BD8FFF826150056009CAE44 /* FileManagerContactsRepository.swift */; };
		4BDFA7B02613900F00FA4554 /* ContactsPresenter.swift in Sources */ = {isa = PBXBuildFile; fileRef = 4BDFA7AF2613900F00FA4554 /* ContactsPresenter.swift */; };
		4BE813C626188AFB0099262E /* AndreyViewController.swift in Sources */ = {isa = PBXBuildFile; fileRef = 4BE813C526188AFB0099262E /* AndreyViewController.swift */; };
		4BF13A9D2603ACB00073A720 /* RecentCallsTableViewController.swift in Sources */ = {isa = PBXBuildFile; fileRef = 4BF13A9C2603ACB00073A720 /* RecentCallsTableViewController.swift */; };
		BB17C8C639F52593116D0202 /* Pods_ContactBook.framework in Frameworks */ = {isa = PBXBuildFile; fileRef = 5E735F664011AE9F0D790125 /* Pods_ContactBook.framework */; };
/* End PBXBuildFile section */

/* Begin PBXFileReference section */
		26B0B2F77ADD80789766746B /* Pods-ContactBook.release.xcconfig */ = {isa = PBXFileReference; includeInIndex = 1; lastKnownFileType = text.xcconfig; name = "Pods-ContactBook.release.xcconfig"; path = "Target Support Files/Pods-ContactBook/Pods-ContactBook.release.xcconfig"; sourceTree = "<group>"; };
		4B0B25CD260D1E0A00DE6008 /* ContactsRepository.swift */ = {isa = PBXFileReference; lastKnownFileType = sourcecode.swift; path = ContactsRepository.swift; sourceTree = "<group>"; };
		4B29EF022603B7EB002E8018 /* ContactTableViewController.swift */ = {isa = PBXFileReference; lastKnownFileType = sourcecode.swift; path = ContactTableViewController.swift; sourceTree = "<group>"; };
		4B29EF052604015E002E8018 /* ContactMode.swift */ = {isa = PBXFileReference; lastKnownFileType = sourcecode.swift; path = ContactMode.swift; sourceTree = "<group>"; };
		4B383BD3261B1E0700BBF8D7 /* ContactService.swift */ = {isa = PBXFileReference; lastKnownFileType = sourcecode.swift; path = ContactService.swift; sourceTree = "<group>"; };
		4B3F07D8260BC51800B8A6F9 /* SettingsViewController.swift */ = {isa = PBXFileReference; lastKnownFileType = sourcecode.swift; path = SettingsViewController.swift; sourceTree = "<group>"; };
		4B46BB4C26147A9B00A885EC /* ContactsUI.framework */ = {isa = PBXFileReference; lastKnownFileType = wrapper.framework; name = ContactsUI.framework; path = System/Library/Frameworks/ContactsUI.framework; sourceTree = SDKROOT; };
		4B4AAFAF260D4FB600E22D30 /* RecentsRepository.swift */ = {isa = PBXFileReference; lastKnownFileType = sourcecode.swift; path = RecentsRepository.swift; sourceTree = "<group>"; };
		4B536E53260865A8003E4498 /* RecentCallModel.xcdatamodel */ = {isa = PBXFileReference; lastKnownFileType = wrapper.xcdatamodel; path = RecentCallModel.xcdatamodel; sourceTree = "<group>"; };
		4B59DEA826146CED00B8A8A6 /* ModelsFactoty.swift */ = {isa = PBXFileReference; lastKnownFileType = sourcecode.swift; path = ModelsFactoty.swift; sourceTree = "<group>"; };
		4B59DEAB26146E1300B8A8A6 /* DefaultModelsFactory.swift */ = {isa = PBXFileReference; lastKnownFileType = sourcecode.swift; path = DefaultModelsFactory.swift; sourceTree = "<group>"; };
		4B93F3EC26024477000ABFD5 /* ContactBook.app */ = {isa = PBXFileReference; explicitFileType = wrapper.application; includeInIndex = 0; path = ContactBook.app; sourceTree = BUILT_PRODUCTS_DIR; };
		4B93F3EF26024477000ABFD5 /* AppDelegate.swift */ = {isa = PBXFileReference; lastKnownFileType = sourcecode.swift; path = AppDelegate.swift; sourceTree = "<group>"; };
		4B93F3F126024477000ABFD5 /* SceneDelegate.swift */ = {isa = PBXFileReference; lastKnownFileType = sourcecode.swift; path = SceneDelegate.swift; sourceTree = "<group>"; };
		4B93F3F626024477000ABFD5 /* Base */ = {isa = PBXFileReference; lastKnownFileType = file.storyboard; name = Base; path = Base.lproj/Main.storyboard; sourceTree = "<group>"; };
		4B93F3F826024478000ABFD5 /* Assets.xcassets */ = {isa = PBXFileReference; lastKnownFileType = folder.assetcatalog; path = Assets.xcassets; sourceTree = "<group>"; };
		4B93F3FB26024478000ABFD5 /* Base */ = {isa = PBXFileReference; lastKnownFileType = file.storyboard; name = Base; path = Base.lproj/LaunchScreen.storyboard; sourceTree = "<group>"; };
		4B93F3FD26024478000ABFD5 /* Info.plist */ = {isa = PBXFileReference; lastKnownFileType = text.plist.xml; path = Info.plist; sourceTree = "<group>"; };
		4B93F40726024D96000ABFD5 /* Contact.swift */ = {isa = PBXFileReference; lastKnownFileType = sourcecode.swift; path = Contact.swift; sourceTree = "<group>"; };
		4B973BAE26189B740091B672 /* CustomContactView.swift */ = {isa = PBXFileReference; lastKnownFileType = sourcecode.swift; path = CustomContactView.swift; sourceTree = "<group>"; };
		4B973BC42619BFED0091B672 /* BirthdayNotificationService.swift */ = {isa = PBXFileReference; lastKnownFileType = sourcecode.swift; path = BirthdayNotificationService.swift; sourceTree = "<group>"; };
		4BBCBFD92604B176000DF187 /* RemoteContact.swift */ = {isa = PBXFileReference; lastKnownFileType = sourcecode.swift; path = RemoteContact.swift; sourceTree = "<group>"; };
		4BD8FFED2614D4A7009CAE44 /* Settings.bundle */ = {isa = PBXFileReference; lastKnownFileType = "wrapper.plug-in"; path = Settings.bundle; sourceTree = "<group>"; };
		4BD8FFF12614FF7E009CAE44 /* CoreDataContactsRepository.swift */ = {isa = PBXFileReference; lastKnownFileType = sourcecode.swift; path = CoreDataContactsRepository.swift; sourceTree = "<group>"; };
		4BD8FFF42614FFEA009CAE44 /* CoreRecentsRepository.swift */ = {isa = PBXFileReference; lastKnownFileType = sourcecode.swift; path = CoreRecentsRepository.swift; sourceTree = "<group>"; };
		4BD8FFF826150056009CAE44 /* FileManagerContactsRepository.swift */ = {isa = PBXFileReference; lastKnownFileType = sourcecode.swift; path = FileManagerContactsRepository.swift; sourceTree = "<group>"; };
		4BDFA7AF2613900F00FA4554 /* ContactsPresenter.swift */ = {isa = PBXFileReference; lastKnownFileType = sourcecode.swift; path = ContactsPresenter.swift; sourceTree = "<group>"; };
		4BE813C526188AFB0099262E /* AndreyViewController.swift */ = {isa = PBXFileReference; lastKnownFileType = sourcecode.swift; path = AndreyViewController.swift; sourceTree = "<group>"; };
		4BF13A9C2603ACB00073A720 /* RecentCallsTableViewController.swift */ = {isa = PBXFileReference; lastKnownFileType = sourcecode.swift; path = RecentCallsTableViewController.swift; sourceTree = "<group>"; };
		5E735F664011AE9F0D790125 /* Pods_ContactBook.framework */ = {isa = PBXFileReference; explicitFileType = wrapper.framework; includeInIndex = 0; path = Pods_ContactBook.framework; sourceTree = BUILT_PRODUCTS_DIR; };
		D9808E0155CBC100EC6C0699 /* Pods-ContactBook.debug.xcconfig */ = {isa = PBXFileReference; includeInIndex = 1; lastKnownFileType = text.xcconfig; name = "Pods-ContactBook.debug.xcconfig"; path = "Target Support Files/Pods-ContactBook/Pods-ContactBook.debug.xcconfig"; sourceTree = "<group>"; };
/* End PBXFileReference section */

/* Begin PBXFrameworksBuildPhase section */
		4B93F3E926024477000ABFD5 /* Frameworks */ = {
			isa = PBXFrameworksBuildPhase;
			buildActionMask = 2147483647;
			files = (
				4B46BB4E26147AA000A885EC /* ContactsUI.framework in Frameworks */,
				BB17C8C639F52593116D0202 /* Pods_ContactBook.framework in Frameworks */,
			);
			runOnlyForDeploymentPostprocessing = 0;
		};
/* End PBXFrameworksBuildPhase section */

/* Begin PBXGroup section */
		34BFE9BDFDE8F6E38A5856FA /* Pods */ = {
			isa = PBXGroup;
			children = (
				D9808E0155CBC100EC6C0699 /* Pods-ContactBook.debug.xcconfig */,
				26B0B2F77ADD80789766746B /* Pods-ContactBook.release.xcconfig */,
			);
			name = Pods;
			path = Pods;
			sourceTree = "<group>";
		};
		4B107634260D4E43004D914F /* Models */ = {
			isa = PBXGroup;
			children = (
				4BD8FFF02614FF65009CAE44 /* Repositories */,
				4B0B25CD260D1E0A00DE6008 /* ContactsRepository.swift */,
				4BBCBFD92604B176000DF187 /* RemoteContact.swift */,
				4B4AAFAF260D4FB600E22D30 /* RecentsRepository.swift */,
				4B59DEA826146CED00B8A8A6 /* ModelsFactoty.swift */,
				4B59DEAB26146E1300B8A8A6 /* DefaultModelsFactory.swift */,
				4B973BC42619BFED0091B672 /* BirthdayNotificationService.swift */,
				4B383BD3261B1E0700BBF8D7 /* ContactService.swift */,
			);
			path = Models;
			sourceTree = "<group>";
		};
		4B107635260D4E82004D914F /* Data */ = {
			isa = PBXGroup;
			children = (
				4B29EF052604015E002E8018 /* ContactMode.swift */,
				4B93F40726024D96000ABFD5 /* Contact.swift */,
			);
			path = Data;
			sourceTree = "<group>";
		};
		4B2CCA84260CD1D9003C528F /* ViewControllers */ = {
			isa = PBXGroup;
			children = (
				4B3F07D8260BC51800B8A6F9 /* SettingsViewController.swift */,
				4BF13A9C2603ACB00073A720 /* RecentCallsTableViewController.swift */,
				4B29EF022603B7EB002E8018 /* ContactTableViewController.swift */,
				4BE813C526188AFB0099262E /* AndreyViewController.swift */,
			);
			path = ViewControllers;
			sourceTree = "<group>";
		};
		4B46BB4B26147A9B00A885EC /* Frameworks */ = {
			isa = PBXGroup;
			children = (
				4B46BB4C26147A9B00A885EC /* ContactsUI.framework */,
				5E735F664011AE9F0D790125 /* Pods_ContactBook.framework */,
			);
			name = Frameworks;
			sourceTree = "<group>";
		};
		4B8E40E42611B4AA00CBD1EB /* UI */ = {
			isa = PBXGroup;
			children = (
				4B93F3F526024477000ABFD5 /* Main.storyboard */,
				4B973BAE26189B740091B672 /* CustomContactView.swift */,
			);
			path = UI;
			sourceTree = "<group>";
		};
		4B93F3E326024477000ABFD5 = {
			isa = PBXGroup;
			children = (
				4B93F3EE26024477000ABFD5 /* ContactBook */,
				4B93F3ED26024477000ABFD5 /* Products */,
				4B46BB4B26147A9B00A885EC /* Frameworks */,
				34BFE9BDFDE8F6E38A5856FA /* Pods */,
			);
			sourceTree = "<group>";
		};
		4B93F3ED26024477000ABFD5 /* Products */ = {
			isa = PBXGroup;
			children = (
				4B93F3EC26024477000ABFD5 /* ContactBook.app */,
			);
			name = Products;
			sourceTree = "<group>";
		};
		4B93F3EE26024477000ABFD5 /* ContactBook */ = {
			isa = PBXGroup;
			children = (
				4BDFA7AE26138FFB00FA4554 /* Presenters */,
				4B8E40E42611B4AA00CBD1EB /* UI */,
				4B107635260D4E82004D914F /* Data */,
				4B107634260D4E43004D914F /* Models */,
				4B2CCA84260CD1D9003C528F /* ViewControllers */,
				4B93F3EF26024477000ABFD5 /* AppDelegate.swift */,
				4B93F3F126024477000ABFD5 /* SceneDelegate.swift */,
				4B93F3F826024478000ABFD5 /* Assets.xcassets */,
				4B93F3FA26024478000ABFD5 /* LaunchScreen.storyboard */,
				4B93F3FD26024478000ABFD5 /* Info.plist */,
				4B536E52260865A8003E4498 /* RecentCallModel.xcdatamodeld */,
				4BD8FFED2614D4A7009CAE44 /* Settings.bundle */,
			);
			path = ContactBook;
			sourceTree = "<group>";
		};
		4BD8FFF02614FF65009CAE44 /* Repositories */ = {
			isa = PBXGroup;
			children = (
				4BD8FFF12614FF7E009CAE44 /* CoreDataContactsRepository.swift */,
				4BD8FFF42614FFEA009CAE44 /* CoreRecentsRepository.swift */,
				4BD8FFF826150056009CAE44 /* FileManagerContactsRepository.swift */,
			);
			path = Repositories;
			sourceTree = "<group>";
		};
		4BDFA7AE26138FFB00FA4554 /* Presenters */ = {
			isa = PBXGroup;
			children = (
				4BDFA7AF2613900F00FA4554 /* ContactsPresenter.swift */,
			);
			path = Presenters;
			sourceTree = "<group>";
		};
/* End PBXGroup section */

/* Begin PBXNativeTarget section */
		4B93F3EB26024477000ABFD5 /* ContactBook */ = {
			isa = PBXNativeTarget;
			buildConfigurationList = 4B93F40026024478000ABFD5 /* Build configuration list for PBXNativeTarget "ContactBook" */;
			buildPhases = (
				6E305C6E9F4D947F31532C54 /* [CP] Check Pods Manifest.lock */,
				4B93F3E826024477000ABFD5 /* Sources */,
				4B93F3E926024477000ABFD5 /* Frameworks */,
				4B93F3EA26024477000ABFD5 /* Resources */,
				C22F0BB9D9F3FCCF6EE357D4 /* [CP] Embed Pods Frameworks */,
			);
			buildRules = (
			);
			dependencies = (
			);
			name = ContactBook;
			productName = ContactBook;
			productReference = 4B93F3EC26024477000ABFD5 /* ContactBook.app */;
			productType = "com.apple.product-type.application";
		};
/* End PBXNativeTarget section */

/* Begin PBXProject section */
		4B93F3E426024477000ABFD5 /* Project object */ = {
			isa = PBXProject;
			attributes = {
				LastSwiftUpdateCheck = 1220;
				LastUpgradeCheck = 1220;
				TargetAttributes = {
					4B93F3EB26024477000ABFD5 = {
						CreatedOnToolsVersion = 12.2;
					};
				};
			};
			buildConfigurationList = 4B93F3E726024477000ABFD5 /* Build configuration list for PBXProject "ContactBook" */;
			compatibilityVersion = "Xcode 9.3";
			developmentRegion = en;
			hasScannedForEncodings = 0;
			knownRegions = (
				en,
				Base,
			);
			mainGroup = 4B93F3E326024477000ABFD5;
			productRefGroup = 4B93F3ED26024477000ABFD5 /* Products */;
			projectDirPath = "";
			projectRoot = "";
			targets = (
				4B93F3EB26024477000ABFD5 /* ContactBook */,
			);
		};
/* End PBXProject section */

/* Begin PBXResourcesBuildPhase section */
		4B93F3EA26024477000ABFD5 /* Resources */ = {
			isa = PBXResourcesBuildPhase;
			buildActionMask = 2147483647;
			files = (
				4BD8FFEE2614D4A7009CAE44 /* Settings.bundle in Resources */,
				4B93F3FC26024478000ABFD5 /* LaunchScreen.storyboard in Resources */,
				4B93F3F926024478000ABFD5 /* Assets.xcassets in Resources */,
				4B93F3F726024477000ABFD5 /* Main.storyboard in Resources */,
			);
			runOnlyForDeploymentPostprocessing = 0;
		};
/* End PBXResourcesBuildPhase section */

/* Begin PBXShellScriptBuildPhase section */
		6E305C6E9F4D947F31532C54 /* [CP] Check Pods Manifest.lock */ = {
			isa = PBXShellScriptBuildPhase;
			buildActionMask = 2147483647;
			files = (
			);
			inputFileListPaths = (
			);
			inputPaths = (
				"${PODS_PODFILE_DIR_PATH}/Podfile.lock",
				"${PODS_ROOT}/Manifest.lock",
			);
			name = "[CP] Check Pods Manifest.lock";
			outputFileListPaths = (
			);
			outputPaths = (
				"$(DERIVED_FILE_DIR)/Pods-ContactBook-checkManifestLockResult.txt",
			);
			runOnlyForDeploymentPostprocessing = 0;
			shellPath = /bin/sh;
			shellScript = "diff \"${PODS_PODFILE_DIR_PATH}/Podfile.lock\" \"${PODS_ROOT}/Manifest.lock\" > /dev/null\nif [ $? != 0 ] ; then\n    # print error to STDERR\n    echo \"error: The sandbox is not in sync with the Podfile.lock. Run 'pod install' or update your CocoaPods installation.\" >&2\n    exit 1\nfi\n# This output is used by Xcode 'outputs' to avoid re-running this script phase.\necho \"SUCCESS\" > \"${SCRIPT_OUTPUT_FILE_0}\"\n";
			showEnvVarsInLog = 0;
		};
		C22F0BB9D9F3FCCF6EE357D4 /* [CP] Embed Pods Frameworks */ = {
			isa = PBXShellScriptBuildPhase;
			buildActionMask = 2147483647;
			files = (
			);
			inputFileListPaths = (
				"${PODS_ROOT}/Target Support Files/Pods-ContactBook/Pods-ContactBook-frameworks-${CONFIGURATION}-input-files.xcfilelist",
			);
			name = "[CP] Embed Pods Frameworks";
			outputFileListPaths = (
				"${PODS_ROOT}/Target Support Files/Pods-ContactBook/Pods-ContactBook-frameworks-${CONFIGURATION}-output-files.xcfilelist",
			);
			runOnlyForDeploymentPostprocessing = 0;
			shellPath = /bin/sh;
			shellScript = "\"${PODS_ROOT}/Target Support Files/Pods-ContactBook/Pods-ContactBook-frameworks.sh\"\n";
			showEnvVarsInLog = 0;
		};
/* End PBXShellScriptBuildPhase section */

/* Begin PBXSourcesBuildPhase section */
		4B93F3E826024477000ABFD5 /* Sources */ = {
			isa = PBXSourcesBuildPhase;
			buildActionMask = 2147483647;
			files = (
				4BBCBFDA2604B176000DF187 /* RemoteContact.swift in Sources */,
				4B93F3F026024477000ABFD5 /* AppDelegate.swift in Sources */,
				4B59DEAC26146E1300B8A8A6 /* DefaultModelsFactory.swift in Sources */,
				4BD8FFF52614FFEA009CAE44 /* CoreRecentsRepository.swift in Sources */,
				4B4AAFB0260D4FB600E22D30 /* RecentsRepository.swift in Sources */,
				4BE813C626188AFB0099262E /* AndreyViewController.swift in Sources */,
				4B93F40826024D96000ABFD5 /* Contact.swift in Sources */,
				4B3F07D9260BC51800B8A6F9 /* SettingsViewController.swift in Sources */,
				4BD8FFF22614FF7E009CAE44 /* CoreDataContactsRepository.swift in Sources */,
				4B93F3F226024477000ABFD5 /* SceneDelegate.swift in Sources */,
				4B0B25CE260D1E0A00DE6008 /* ContactsRepository.swift in Sources */,
				4B973BAF26189B740091B672 /* CustomContactView.swift in Sources */,
				4B29EF032603B7EB002E8018 /* ContactTableViewController.swift in Sources */,
				4B973BC52619BFED0091B672 /* BirthdayNotificationService.swift in Sources */,
				4BD8FFF926150056009CAE44 /* FileManagerContactsRepository.swift in Sources */,
				4B59DEA926146CED00B8A8A6 /* ModelsFactoty.swift in Sources */,
				4B29EF062604015E002E8018 /* ContactMode.swift in Sources */,
				4B383BD4261B1E0700BBF8D7 /* ContactService.swift in Sources */,
				4BF13A9D2603ACB00073A720 /* RecentCallsTableViewController.swift in Sources */,
				4BDFA7B02613900F00FA4554 /* ContactsPresenter.swift in Sources */,
				4B536E54260865A8003E4498 /* RecentCallModel.xcdatamodeld in Sources */,
			);
			runOnlyForDeploymentPostprocessing = 0;
		};
/* End PBXSourcesBuildPhase section */

/* Begin PBXVariantGroup section */
		4B93F3F526024477000ABFD5 /* Main.storyboard */ = {
			isa = PBXVariantGroup;
			children = (
				4B93F3F626024477000ABFD5 /* Base */,
			);
			name = Main.storyboard;
			sourceTree = "<group>";
		};
		4B93F3FA26024478000ABFD5 /* LaunchScreen.storyboard */ = {
			isa = PBXVariantGroup;
			children = (
				4B93F3FB26024478000ABFD5 /* Base */,
			);
			name = LaunchScreen.storyboard;
			sourceTree = "<group>";
		};
/* End PBXVariantGroup section */

/* Begin XCBuildConfiguration section */
		4B93F3FE26024478000ABFD5 /* Debug */ = {
			isa = XCBuildConfiguration;
			buildSettings = {
				ALWAYS_SEARCH_USER_PATHS = NO;
				CLANG_ANALYZER_NONNULL = YES;
				CLANG_ANALYZER_NUMBER_OBJECT_CONVERSION = YES_AGGRESSIVE;
				CLANG_CXX_LANGUAGE_STANDARD = "gnu++14";
				CLANG_CXX_LIBRARY = "libc++";
				CLANG_ENABLE_MODULES = YES;
				CLANG_ENABLE_OBJC_ARC = YES;
				CLANG_ENABLE_OBJC_WEAK = YES;
				CLANG_WARN_BLOCK_CAPTURE_AUTORELEASING = YES;
				CLANG_WARN_BOOL_CONVERSION = YES;
				CLANG_WARN_COMMA = YES;
				CLANG_WARN_CONSTANT_CONVERSION = YES;
				CLANG_WARN_DEPRECATED_OBJC_IMPLEMENTATIONS = YES;
				CLANG_WARN_DIRECT_OBJC_ISA_USAGE = YES_ERROR;
				CLANG_WARN_DOCUMENTATION_COMMENTS = YES;
				CLANG_WARN_EMPTY_BODY = YES;
				CLANG_WARN_ENUM_CONVERSION = YES;
				CLANG_WARN_INFINITE_RECURSION = YES;
				CLANG_WARN_INT_CONVERSION = YES;
				CLANG_WARN_NON_LITERAL_NULL_CONVERSION = YES;
				CLANG_WARN_OBJC_IMPLICIT_RETAIN_SELF = YES;
				CLANG_WARN_OBJC_LITERAL_CONVERSION = YES;
				CLANG_WARN_OBJC_ROOT_CLASS = YES_ERROR;
				CLANG_WARN_QUOTED_INCLUDE_IN_FRAMEWORK_HEADER = YES;
				CLANG_WARN_RANGE_LOOP_ANALYSIS = YES;
				CLANG_WARN_STRICT_PROTOTYPES = YES;
				CLANG_WARN_SUSPICIOUS_MOVE = YES;
				CLANG_WARN_UNGUARDED_AVAILABILITY = YES_AGGRESSIVE;
				CLANG_WARN_UNREACHABLE_CODE = YES;
				CLANG_WARN__DUPLICATE_METHOD_MATCH = YES;
				COPY_PHASE_STRIP = NO;
				DEBUG_INFORMATION_FORMAT = dwarf;
				ENABLE_STRICT_OBJC_MSGSEND = YES;
				ENABLE_TESTABILITY = YES;
				GCC_C_LANGUAGE_STANDARD = gnu11;
				GCC_DYNAMIC_NO_PIC = NO;
				GCC_NO_COMMON_BLOCKS = YES;
				GCC_OPTIMIZATION_LEVEL = 0;
				GCC_PREPROCESSOR_DEFINITIONS = (
					"DEBUG=1",
					"$(inherited)",
				);
				GCC_WARN_64_TO_32_BIT_CONVERSION = YES;
				GCC_WARN_ABOUT_RETURN_TYPE = YES_ERROR;
				GCC_WARN_UNDECLARED_SELECTOR = YES;
				GCC_WARN_UNINITIALIZED_AUTOS = YES_AGGRESSIVE;
				GCC_WARN_UNUSED_FUNCTION = YES;
				GCC_WARN_UNUSED_VARIABLE = YES;
				IPHONEOS_DEPLOYMENT_TARGET = 14.2;
				MTL_ENABLE_DEBUG_INFO = INCLUDE_SOURCE;
				MTL_FAST_MATH = YES;
				ONLY_ACTIVE_ARCH = YES;
				SDKROOT = iphoneos;
				SWIFT_ACTIVE_COMPILATION_CONDITIONS = DEBUG;
				SWIFT_OPTIMIZATION_LEVEL = "-Onone";
			};
			name = Debug;
		};
		4B93F3FF26024478000ABFD5 /* Release */ = {
			isa = XCBuildConfiguration;
			buildSettings = {
				ALWAYS_SEARCH_USER_PATHS = NO;
				CLANG_ANALYZER_NONNULL = YES;
				CLANG_ANALYZER_NUMBER_OBJECT_CONVERSION = YES_AGGRESSIVE;
				CLANG_CXX_LANGUAGE_STANDARD = "gnu++14";
				CLANG_CXX_LIBRARY = "libc++";
				CLANG_ENABLE_MODULES = YES;
				CLANG_ENABLE_OBJC_ARC = YES;
				CLANG_ENABLE_OBJC_WEAK = YES;
				CLANG_WARN_BLOCK_CAPTURE_AUTORELEASING = YES;
				CLANG_WARN_BOOL_CONVERSION = YES;
				CLANG_WARN_COMMA = YES;
				CLANG_WARN_CONSTANT_CONVERSION = YES;
				CLANG_WARN_DEPRECATED_OBJC_IMPLEMENTATIONS = YES;
				CLANG_WARN_DIRECT_OBJC_ISA_USAGE = YES_ERROR;
				CLANG_WARN_DOCUMENTATION_COMMENTS = YES;
				CLANG_WARN_EMPTY_BODY = YES;
				CLANG_WARN_ENUM_CONVERSION = YES;
				CLANG_WARN_INFINITE_RECURSION = YES;
				CLANG_WARN_INT_CONVERSION = YES;
				CLANG_WARN_NON_LITERAL_NULL_CONVERSION = YES;
				CLANG_WARN_OBJC_IMPLICIT_RETAIN_SELF = YES;
				CLANG_WARN_OBJC_LITERAL_CONVERSION = YES;
				CLANG_WARN_OBJC_ROOT_CLASS = YES_ERROR;
				CLANG_WARN_QUOTED_INCLUDE_IN_FRAMEWORK_HEADER = YES;
				CLANG_WARN_RANGE_LOOP_ANALYSIS = YES;
				CLANG_WARN_STRICT_PROTOTYPES = YES;
				CLANG_WARN_SUSPICIOUS_MOVE = YES;
				CLANG_WARN_UNGUARDED_AVAILABILITY = YES_AGGRESSIVE;
				CLANG_WARN_UNREACHABLE_CODE = YES;
				CLANG_WARN__DUPLICATE_METHOD_MATCH = YES;
				COPY_PHASE_STRIP = NO;
				DEBUG_INFORMATION_FORMAT = "dwarf-with-dsym";
				ENABLE_NS_ASSERTIONS = NO;
				ENABLE_STRICT_OBJC_MSGSEND = YES;
				GCC_C_LANGUAGE_STANDARD = gnu11;
				GCC_NO_COMMON_BLOCKS = YES;
				GCC_WARN_64_TO_32_BIT_CONVERSION = YES;
				GCC_WARN_ABOUT_RETURN_TYPE = YES_ERROR;
				GCC_WARN_UNDECLARED_SELECTOR = YES;
				GCC_WARN_UNINITIALIZED_AUTOS = YES_AGGRESSIVE;
				GCC_WARN_UNUSED_FUNCTION = YES;
				GCC_WARN_UNUSED_VARIABLE = YES;
				IPHONEOS_DEPLOYMENT_TARGET = 14.2;
				MTL_ENABLE_DEBUG_INFO = NO;
				MTL_FAST_MATH = YES;
				SDKROOT = iphoneos;
				SWIFT_COMPILATION_MODE = wholemodule;
				SWIFT_OPTIMIZATION_LEVEL = "-O";
				VALIDATE_PRODUCT = YES;
			};
			name = Release;
		};
		4B93F40126024478000ABFD5 /* Debug */ = {
			isa = XCBuildConfiguration;
			baseConfigurationReference = D9808E0155CBC100EC6C0699 /* Pods-ContactBook.debug.xcconfig */;
			buildSettings = {
				ASSETCATALOG_COMPILER_APPICON_NAME = AppIcon;
				ASSETCATALOG_COMPILER_GLOBAL_ACCENT_COLOR_NAME = AccentColor;
				CODE_SIGN_STYLE = Automatic;
				INFOPLIST_FILE = ContactBook/Info.plist;
				LD_RUNPATH_SEARCH_PATHS = (
					"$(inherited)",
					"@executable_path/Frameworks",
				);
				PRODUCT_BUNDLE_IDENTIFIER = com.trifonov.ContactBook;
				PRODUCT_NAME = "$(TARGET_NAME)";
				SWIFT_VERSION = 5.0;
				TARGETED_DEVICE_FAMILY = "1,2";
			};
			name = Debug;
		};
		4B93F40226024478000ABFD5 /* Release */ = {
			isa = XCBuildConfiguration;
			baseConfigurationReference = 26B0B2F77ADD80789766746B /* Pods-ContactBook.release.xcconfig */;
			buildSettings = {
				ASSETCATALOG_COMPILER_APPICON_NAME = AppIcon;
				ASSETCATALOG_COMPILER_GLOBAL_ACCENT_COLOR_NAME = AccentColor;
				CODE_SIGN_STYLE = Automatic;
				INFOPLIST_FILE = ContactBook/Info.plist;
				LD_RUNPATH_SEARCH_PATHS = (
					"$(inherited)",
					"@executable_path/Frameworks",
				);
				PRODUCT_BUNDLE_IDENTIFIER = com.trifonov.ContactBook;
				PRODUCT_NAME = "$(TARGET_NAME)";
				SWIFT_VERSION = 5.0;
				TARGETED_DEVICE_FAMILY = "1,2";
			};
			name = Release;
		};
/* End XCBuildConfiguration section */

/* Begin XCConfigurationList section */
		4B93F3E726024477000ABFD5 /* Build configuration list for PBXProject "ContactBook" */ = {
			isa = XCConfigurationList;
			buildConfigurations = (
				4B93F3FE26024478000ABFD5 /* Debug */,
				4B93F3FF26024478000ABFD5 /* Release */,
			);
			defaultConfigurationIsVisible = 0;
			defaultConfigurationName = Release;
		};
		4B93F40026024478000ABFD5 /* Build configuration list for PBXNativeTarget "ContactBook" */ = {
			isa = XCConfigurationList;
			buildConfigurations = (
				4B93F40126024478000ABFD5 /* Debug */,
				4B93F40226024478000ABFD5 /* Release */,
			);
			defaultConfigurationIsVisible = 0;
			defaultConfigurationName = Release;
		};
/* End XCConfigurationList section */

/* Begin XCVersionGroup section */
		4B536E52260865A8003E4498 /* RecentCallModel.xcdatamodeld */ = {
			isa = XCVersionGroup;
			children = (
				4B536E53260865A8003E4498 /* RecentCallModel.xcdatamodel */,
			);
			currentVersion = 4B536E53260865A8003E4498 /* RecentCallModel.xcdatamodel */;
			path = RecentCallModel.xcdatamodeld;
			sourceTree = "<group>";
			versionGroupType = wrapper.xcdatamodel;
		};
/* End XCVersionGroup section */
	};
	rootObject = 4B93F3E426024477000ABFD5 /* Project object */;
}
